
Microsoft Visual Studio Solution File, Format Version 12.00
# Visual Studio 15
VisualStudioVersion = 15.0.28307.421
MinimumVisualStudioVersion = 10.0.40219.1
Project("{FAE04EC0-301F-11D3-BF4B-00C04F79EFBC}") = "StockPurchaseDictionary", "StockPurchaseDictionary\StockPurchaseDictionary.csproj", "{E0D08070-5371-4435-AEDD-2AD013699893}"
EndProject
Global
	GlobalSection(SolutionConfigurationPlatforms) = preSolution
		Debug|Any CPU = Debug|Any CPU
		Release|Any CPU = Release|Any CPU
	EndGlobalSection
	GlobalSection(ProjectConfigurationPlatforms) = postSolution
		{E0D08070-5371-4435-AEDD-2AD013699893}.Debug|Any CPU.ActiveCfg = Debug|Any CPU
		{E0D08070-5371-4435-AEDD-2AD013699893}.Debug|Any CPU.Build.0 = Debug|Any CPU
		{E0D08070-5371-4435-AEDD-2AD013699893}.Release|Any CPU.ActiveCfg = Release|Any CPU
		{E0D08070-5371-4435-AEDD-2AD013699893}.Release|Any CPU.Build.0 = Release|Any CPU
	EndGlobalSection
	GlobalSection(SolutionProperties) = preSolution
		HideSolutionNode = FALSE
	EndGlobalSection
	GlobalSection(ExtensibilityGlobals) = postSolution
		SolutionGuid = {585FB564-1A02-4040-923F-223EB8322387}
	EndGlobalSection
EndGlobal
